# THIS IS AN AUTOGENERATED FILE. DO NOT EDIT THIS FILE DIRECTLY.
# yarn lockfile v1


"@noble/curves@1.1.0":
  version "1.1.0"
  resolved "https://registry.yarnpkg.com/@noble/curves/-/curves-1.1.0.tgz#f13fc667c89184bc04cccb9b11e8e7bae27d8c3d"
  integrity sha512-091oBExgENk/kGj3AZmtBDMpxQPDtxQABR2B9lb1JbVTs6ytdzZNwvhxQ4MWasRNEzlbEH8jCWFCwhF/Obj5AA==
  dependencies:
    "@noble/hashes" "1.3.1"

"@noble/hashes@1.3.1":
  version "1.3.1"
  resolved "https://registry.yarnpkg.com/@noble/hashes/-/hashes-1.3.1.tgz#8831ef002114670c603c458ab8b11328406953a9"
  integrity sha512-EbqwksQwz9xDRGfDST86whPBgM65E0OH/pCgqW0GBVzO22bNE+NuIbeTb714+IfSjU3aRk47EUvXIb5bTsenKA==

"@polkadot/networks@12.3.2":
  version "12.3.2"
  resolved "https://registry.yarnpkg.com/@polkadot/networks/-/networks-12.3.2.tgz#131b0439c481add159814dd2cf0286c6c3fe5b3b"
  integrity sha512-uCkyybKoeEm1daKr0uT/9oNDHDDzCy2/ZdVl346hQqfdR1Ct3BaxMjxqvdmb5N8aCw0cBWSfgsxAYtw8ESmllQ==
  dependencies:
    "@polkadot/util" "12.3.2"
    "@substrate/ss58-registry" "^1.40.0"
    tslib "^2.5.3"

"@polkadot/util-crypto@^12.3.2":
  version "12.3.2"
  resolved "https://registry.yarnpkg.com/@polkadot/util-crypto/-/util-crypto-12.3.2.tgz#42d810886904e06fa6e5db254c15f6ef80f4ab72"
  integrity sha512-pTpx+YxolY0BDT4RcGmgeKbHHD/dI6Ll9xRsqmVdIjpcVVY20uDNTyXs81ZNtfKgyod1y9JQkfNv2Dz9iEpTkQ==
  dependencies:
    "@noble/curves" "1.1.0"
    "@noble/hashes" "1.3.1"
    "@polkadot/networks" "12.3.2"
    "@polkadot/util" "12.3.2"
    "@polkadot/wasm-crypto" "^7.2.1"
    "@polkadot/wasm-util" "^7.2.1"
    "@polkadot/x-bigint" "12.3.2"
    "@polkadot/x-randomvalues" "12.3.2"
    "@scure/base" "1.1.1"
    tslib "^2.5.3"

"@polkadot/util@12.3.2", "@polkadot/util@^12.3.2":
  version "12.3.2"
  resolved "https://registry.yarnpkg.com/@polkadot/util/-/util-12.3.2.tgz#f46e147b0e6a426da5ba59df4ce65de1a3effe4a"
  integrity sha512-y/JShcGyOamCUiSIg++XZuLHt1ktSKBaSH2K5Nw5NXlgP0+7am+GZzqPB8fQ4qhYLruEOv+YRiz0GC1Zr9S+wg==
  dependencies:
    "@polkadot/x-bigint" "12.3.2"
    "@polkadot/x-global" "12.3.2"
    "@polkadot/x-textdecoder" "12.3.2"
    "@polkadot/x-textencoder" "12.3.2"
    "@types/bn.js" "^5.1.1"
    bn.js "^5.2.1"
    tslib "^2.5.3"

"@polkadot/wasm-bridge@7.2.1":
  version "7.2.1"
  resolved "https://registry.yarnpkg.com/@polkadot/wasm-bridge/-/wasm-bridge-7.2.1.tgz#8464a96552207d2b49c6f32137b24132534b91ee"
  integrity sha512-uV/LHREDBGBbHrrv7HTki+Klw0PYZzFomagFWII4lp6Toj/VCvRh5WMzooVC+g/XsBGosAwrvBhoModabyHx+A==
  dependencies:
    "@polkadot/wasm-util" "7.2.1"
    tslib "^2.5.0"

"@polkadot/wasm-crypto-asmjs@7.2.1":
  version "7.2.1"
  resolved "https://registry.yarnpkg.com/@polkadot/wasm-crypto-asmjs/-/wasm-crypto-asmjs-7.2.1.tgz#3e7a91e2905ab7354bc37b82f3e151a62bb024db"
  integrity sha512-z/d21bmxyVfkzGsKef/FWswKX02x5lK97f4NPBZ9XBeiFkmzlXhdSnu58/+b1sKsRAGdW/Rn/rTNRDhW0GqCAg==
  dependencies:
    tslib "^2.5.0"

"@polkadot/wasm-crypto-init@7.2.1":
  version "7.2.1"
  resolved "https://registry.yarnpkg.com/@polkadot/wasm-crypto-init/-/wasm-crypto-init-7.2.1.tgz#9dbba41ed7d382575240f1483cf5a139ff2787bd"
  integrity sha512-GcEXtwN9LcSf32V9zSaYjHImFw16hCyo2Xzg4GLLDPPeaAAfbFr2oQMgwyDbvBrBjLKHVHjsPZyGhXae831amw==
  dependencies:
    "@polkadot/wasm-bridge" "7.2.1"
    "@polkadot/wasm-crypto-asmjs" "7.2.1"
    "@polkadot/wasm-crypto-wasm" "7.2.1"
    "@polkadot/wasm-util" "7.2.1"
    tslib "^2.5.0"

"@polkadot/wasm-crypto-wasm@7.2.1":
  version "7.2.1"
  resolved "https://registry.yarnpkg.com/@polkadot/wasm-crypto-wasm/-/wasm-crypto-wasm-7.2.1.tgz#d2486322c725f6e5d2cc2d6abcb77ecbbaedc738"
  integrity sha512-DqyXE4rSD0CVlLIw88B58+HHNyrvm+JAnYyuEDYZwCvzUWOCNos/DDg9wi/K39VAIsCCKDmwKqkkfIofuOj/lA==
  dependencies:
    "@polkadot/wasm-util" "7.2.1"
    tslib "^2.5.0"

"@polkadot/wasm-crypto@^7.2.1":
  version "7.2.1"
  resolved "https://registry.yarnpkg.com/@polkadot/wasm-crypto/-/wasm-crypto-7.2.1.tgz#db671dcb73f1646dc13478b5ffc3be18c64babe1"
  integrity sha512-SA2+33S9TAwGhniKgztVN6pxUKpGfN4Tre/eUZGUfpgRkT92wIUT2GpGWQE+fCCqGQgADrNiBcwt6XwdPqMQ4Q==
  dependencies:
    "@polkadot/wasm-bridge" "7.2.1"
    "@polkadot/wasm-crypto-asmjs" "7.2.1"
    "@polkadot/wasm-crypto-init" "7.2.1"
    "@polkadot/wasm-crypto-wasm" "7.2.1"
    "@polkadot/wasm-util" "7.2.1"
    tslib "^2.5.0"

"@polkadot/wasm-util@7.2.1", "@polkadot/wasm-util@^7.2.1":
  version "7.2.1"
  resolved "https://registry.yarnpkg.com/@polkadot/wasm-util/-/wasm-util-7.2.1.tgz#fda233120ec02f77f0d14e4d3c7ad9ce06535fb8"
  integrity sha512-FBSn/3aYJzhN0sYAYhHB8y9JL8mVgxLy4M1kUXYbyo+8GLRQEN5rns8Vcb8TAlIzBWgVTOOptYBvxo0oj0h7Og==
  dependencies:
    tslib "^2.5.0"

"@polkadot/x-bigint@12.3.2":
  version "12.3.2"
  resolved "https://registry.yarnpkg.com/@polkadot/x-bigint/-/x-bigint-12.3.2.tgz#0e99489cc7938bed40762aaaed58ded6850ab54b"
  integrity sha512-JLqLgfGXe/x+hZJETd5ZqfpVsbwyMsH5Nn1Q20ineMMjXN/ig+kVR8Mc15LXBMuw4g7LldFW6UUrotWnuMI8Yw==
  dependencies:
    "@polkadot/x-global" "12.3.2"
    tslib "^2.5.3"

"@polkadot/x-global@12.3.2":
  version "12.3.2"
  resolved "https://registry.yarnpkg.com/@polkadot/x-global/-/x-global-12.3.2.tgz#04ac0b0e559a35107f0b95ff7889fcade3796aa3"
  integrity sha512-yVZq6oIegjlyh5rUZiTklgu+fL+W/DG1ypEa02683tUCB3avV5cA3PAHKptMSlb6FpweHu37lKKrqfAWrraDxg==
  dependencies:
    tslib "^2.5.3"

"@polkadot/x-randomvalues@12.3.2":
  version "12.3.2"
  resolved "https://registry.yarnpkg.com/@polkadot/x-randomvalues/-/x-randomvalues-12.3.2.tgz#43ac489a998098bdd40b3f82f28adb5b542db2a5"
  integrity sha512-ywjIs8CWpvOGmq+3cGCNPOHxAjPHdBUiXyDccftx5BRVdmtbt36gK/V84bKr6Xs73FGu0jprUAOSRRsLZX/3dg==
  dependencies:
    "@polkadot/x-global" "12.3.2"
    tslib "^2.5.3"

"@polkadot/x-textdecoder@12.3.2":
  version "12.3.2"
  resolved "https://registry.yarnpkg.com/@polkadot/x-textdecoder/-/x-textdecoder-12.3.2.tgz#bbd5682744f3552ce5d4d792ff48a3ca525eafcf"
  integrity sha512-lY5bfA5xArJRWEJlYOlQQMJeTjWD8s0yMhchirVgf5xj8Id9vPGeUoneH+VFDEwgXxrqBvDFJ4smN4T/r6a/fg==
  dependencies:
    "@polkadot/x-global" "12.3.2"
    tslib "^2.5.3"

"@polkadot/x-textencoder@12.3.2":
  version "12.3.2"
  resolved "https://registry.yarnpkg.com/@polkadot/x-textencoder/-/x-textencoder-12.3.2.tgz#223e6f6dd78e2d81c6dcc6f244c76ceae7b08e32"
  integrity sha512-iP3qEBiHzBckQ9zeY7ZHRWuu7mCEg5SMpOugs6UODRk8sx6KHzGQYlghBbWLit0uppPDVE0ifEwZ2n73djJHWQ==
  dependencies:
    "@polkadot/x-global" "12.3.2"
    tslib "^2.5.3"

"@scure/base@1.1.1":
  version "1.1.1"
  resolved "https://registry.yarnpkg.com/@scure/base/-/base-1.1.1.tgz#ebb651ee52ff84f420097055f4bf46cfba403938"
  integrity sha512-ZxOhsSyxYwLJj3pLZCefNitxsj093tb2vq90mp2txoYeBqbcjDjqFhyM8eUjq/uFm6zJ+mUuqxlS2FkuSY1MTA==

"@substrate/ss58-registry@^1.40.0":
  version "1.40.0"
  resolved "https://registry.yarnpkg.com/@substrate/ss58-registry/-/ss58-registry-1.40.0.tgz#2223409c496271df786c1ca8496898896595441e"
  integrity sha512-QuU2nBql3J4KCnOWtWDw4n1K4JU0T79j54ZZvm/9nhsX6AIar13FyhsaBfs6QkJ2ixTQAnd7TocJIoJRWbqMZA==

"@types/bn.js@^5.1.1":
  version "5.1.1"
  resolved "https://registry.yarnpkg.com/@types/bn.js/-/bn.js-5.1.1.tgz#b51e1b55920a4ca26e9285ff79936bbdec910682"
  integrity sha512-qNrYbZqMx0uJAfKnKclPh+dTwK33KfLHYqtyODwd5HnXOjnkhc4qgn3BrK6RWyGZm5+sIFE7Q7Vz6QQtJB7w7g==
  dependencies:
    "@types/node" "*"

"@types/node@*":
  version "20.3.1"
  resolved "https://registry.yarnpkg.com/@types/node/-/node-20.3.1.tgz#e8a83f1aa8b649377bb1fb5d7bac5cb90e784dfe"
  integrity sha512-EhcH/wvidPy1WeML3TtYFGR83UzjxeWRen9V402T8aUGYsCHOmfoisV3ZSg03gAFIbLq8TnWOJ0f4cALtnSEUg==

bn.js@^5.2.1:
  version "5.2.1"
  resolved "https://registry.yarnpkg.com/bn.js/-/bn.js-5.2.1.tgz#0bc527a6a0d18d0aa8d5b0538ce4a77dccfa7b70"
  integrity sha512-eXRvHzWyYPBuB4NBy0cmYQjGitUrtqwbvlzP3G6VFnNRbsZQIxQ10PbKKHt8gZ/HW/D/747aDl+QkDqg3KQLMQ==

tslib@^1:
  version "1.14.1"
  resolved "https://registry.yarnpkg.com/tslib/-/tslib-1.14.1.tgz#cf2d38bdc34a134bcaf1091c41f6619e2f672d00"
  integrity sha512-Xni35NKzjgMrwevysHTCArtLDpPvye8zV/0E4EyYn43P7/7qvQwPh9BGkHewbMulVntbigmcT7rdX3BNo9wRJg==

tslib@^2.5.0, tslib@^2.5.3:
  version "2.5.3"
  resolved "https://registry.yarnpkg.com/tslib/-/tslib-2.5.3.tgz#24944ba2d990940e6e982c4bea147aba80209913"
  integrity sha512-mSxlJJwl3BMEQCUNnxXBU9jP4JBktcEGhURcPR6VQVlnP0FdDEsIaz0C35dXNGLyRfrATNofF0F5p2KPxQgB+w==

tweetnacl-ts@^1.0.3:
  version "1.0.3"
  resolved "https://registry.yarnpkg.com/tweetnacl-ts/-/tweetnacl-ts-1.0.3.tgz#ae4f31be6ca40e1b310f7fa47c0488ad71c0de7f"
  integrity sha512-C5I/dWf6xjAXaCDlf84T4HvozU/8ycAlq5WRllF1hAeeq5390tfXD+bNas5bhEV0HMSOx8bsQYpLjPl8wfnEeQ==
  dependencies:
    tslib "^1"

tweetnacl@^1.0.3:
  version "1.0.3"
  resolved "https://registry.yarnpkg.com/tweetnacl/-/tweetnacl-1.0.3.tgz#ac0af71680458d8a6378d0d0d050ab1407d35596"
  integrity sha512-6rt+RN7aOi1nGMyC4Xa5DdYiukl2UWCbcJft7YhxReBGQD7OAM8Pbxw6YMo4r2diNEA8FEmu32YOn9rhaiE5yw==
